
Microsoft Visual Studio Solution File, Format Version 12.00
Project("{2150E333-8FDC-42A3-9474-1A3956D46DE8}") = "Server", "Server", "{F6057D95-37EC-4C84-A53B-672E1442D0EB}"
EndProject
Project("{FAE04EC0-301F-11D3-BF4B-00C04F79EFBC}") = "Entities", "Entities\Entities.csproj", "{D574356D-D82E-4825-B02C-4203BFCBD66A}"
EndProject
Project("{FAE04EC0-301F-11D3-BF4B-00C04F79EFBC}") = "RepositoryConstracts", "RepositoryConstracts\RepositoryConstracts.csproj", "{38AC5787-2C32-48C7-96E3-C209851B27A5}"
EndProject
Global
	GlobalSection(SolutionConfigurationPlatforms) = preSolution
		Debug|Any CPU = Debug|Any CPU
		Release|Any CPU = Release|Any CPU
	EndGlobalSection
	GlobalSection(NestedProjects) = preSolution
		{D574356D-D82E-4825-B02C-4203BFCBD66A} = {F6057D95-37EC-4C84-A53B-672E1442D0EB}
		{38AC5787-2C32-48C7-96E3-C209851B27A5} = {F6057D95-37EC-4C84-A53B-672E1442D0EB}
	EndGlobalSection
	GlobalSection(ProjectConfigurationPlatforms) = postSolution
		{D574356D-D82E-4825-B02C-4203BFCBD66A}.Debug|Any CPU.ActiveCfg = Debug|Any CPU
		{D574356D-D82E-4825-B02C-4203BFCBD66A}.Debug|Any CPU.Build.0 = Debug|Any CPU
		{D574356D-D82E-4825-B02C-4203BFCBD66A}.Release|Any CPU.ActiveCfg = Release|Any CPU
		{D574356D-D82E-4825-B02C-4203BFCBD66A}.Release|Any CPU.Build.0 = Release|Any CPU
		{38AC5787-2C32-48C7-96E3-C209851B27A5}.Debug|Any CPU.ActiveCfg = Debug|Any CPU
		{38AC5787-2C32-48C7-96E3-C209851B27A5}.Debug|Any CPU.Build.0 = Debug|Any CPU
		{38AC5787-2C32-48C7-96E3-C209851B27A5}.Release|Any CPU.ActiveCfg = Release|Any CPU
		{38AC5787-2C32-48C7-96E3-C209851B27A5}.Release|Any CPU.Build.0 = Release|Any CPU
	EndGlobalSection
EndGlobal
